
Microsoft Visual Studio Solution File, Format Version 12.00
# Visual Studio Version 17
VisualStudioVersion = 17.14.36623.8
MinimumVisualStudioVersion = 10.0.40219.1
Project("{FAE04EC0-301F-11D3-BF4B-00C04F79EFBC}") = "TimeManagementApp", "TimeManagementApp.csproj", "{C3DA62AD-5008-4185-BEE2-E5FA4080B283}"
EndProject
Project("{FAE04EC0-301F-11D3-BF4B-00C04F79EFBC}") = "TimeManagementAppTests", "..\TimeManagementAppTests\TimeManagementAppTests.csproj", "{D9CD5C3E-4E6B-477B-B199-11A920C98C53}"
EndProject
Global
	GlobalSection(SolutionConfigurationPlatforms) = preSolution
		Debug|Any CPU = Debug|Any CPU
		Release|Any CPU = Release|Any CPU
	EndGlobalSection
	GlobalSection(ProjectConfigurationPlatforms) = postSolution
		{C3DA62AD-5008-4185-BEE2-E5FA4080B283}.Debug|Any CPU.ActiveCfg = Debug|Any CPU
		{C3DA62AD-5008-4185-BEE2-E5FA4080B283}.Debug|Any CPU.Build.0 = Debug|Any CPU
		{C3DA62AD-5008-4185-BEE2-E5FA4080B283}.Release|Any CPU.ActiveCfg = Release|Any CPU
		{C3DA62AD-5008-4185-BEE2-E5FA4080B283}.Release|Any CPU.Build.0 = Release|Any CPU
		{D9CD5C3E-4E6B-477B-B199-11A920C98C53}.Debug|Any CPU.ActiveCfg = Debug|Any CPU
		{D9CD5C3E-4E6B-477B-B199-11A920C98C53}.Debug|Any CPU.Build.0 = Debug|Any CPU
		{D9CD5C3E-4E6B-477B-B199-11A920C98C53}.Release|Any CPU.ActiveCfg = Release|Any CPU
		{D9CD5C3E-4E6B-477B-B199-11A920C98C53}.Release|Any CPU.Build.0 = Release|Any CPU
	EndGlobalSection
	GlobalSection(SolutionProperties) = preSolution
		HideSolutionNode = FALSE
	EndGlobalSection
	GlobalSection(ExtensibilityGlobals) = postSolution
		SolutionGuid = {AEF4F1C2-50E8-4EF1-B035-A78DF1DAB3BD}
	EndGlobalSection
EndGlobal
